
Microsoft Visual Studio Solution File, Format Version 12.00
# Visual Studio Version 17
VisualStudioVersion = 17.9.34723.18
MinimumVisualStudioVersion = 10.0.40219.1
Project("{9A19103F-16F7-4668-BE54-9A1E7A4F7556}") = "FirstApp", "FirstApp\FirstApp.csproj", "{EEF18507-9CAF-4AE4-B105-C6E0164B524F}"
EndProject
Project("{9A19103F-16F7-4668-BE54-9A1E7A4F7556}") = "Discount_Amount", "Lesson_2\Discount_Amount\Discount_Amount.csproj", "{34CB02B3-0727-487D-9290-5E0C55442611}"
EndProject
Project("{FAE04EC0-301F-11D3-BF4B-00C04F79EFBC}") = "Time_In_Seconds", "Time_In_Seconds\Time_In_Seconds.csproj", "{F079B349-685F-451F-B78A-15EA7EA0BF1F}"
EndProject
Project("{FAE04EC0-301F-11D3-BF4B-00C04F79EFBC}") = "Seconds_for _Time", "Lesson_2\Seconds_for _Time\Seconds_for _Time.csproj", "{11136BF3-81D0-4486-9601-88B20818866F}"
EndProject
Project("{9A19103F-16F7-4668-BE54-9A1E7A4F7556}") = "Seconds_In_Time", "Lesson_2\Seconds_In_Time\Seconds_In_Time.csproj", "{D6BB2EB9-4AE2-4215-B03A-C2327097EFD0}"
EndProject
Project("{9A19103F-16F7-4668-BE54-9A1E7A4F7556}") = "BookInfo", "Lesson_2\BookInfo\BookInfo.csproj", "{7D1FE6E8-0E42-4D13-BE56-EBFA1DA0D00A}"
EndProject
Project("{FAE04EC0-301F-11D3-BF4B-00C04F79EFBC}") = "Digit_Palindrom", "Lesson_3\Digit_Palindrom\Digit_Palindrom.csproj", "{B33F7B52-FF93-4EB5-9F8F-6F8C6F6BC6B1}"
EndProject
Project("{FAE04EC0-301F-11D3-BF4B-00C04F79EFBC}") = "Numbers_Square", "Lesson_3\Numbers_Square\Numbers_Square.csproj", "{93210937-CEB8-4483-9EC9-C8764FC2BBDC}"
EndProject
Global
	GlobalSection(SolutionConfigurationPlatforms) = preSolution
		Debug|Any CPU = Debug|Any CPU
		Release|Any CPU = Release|Any CPU
	EndGlobalSection
	GlobalSection(ProjectConfigurationPlatforms) = postSolution
		{EEF18507-9CAF-4AE4-B105-C6E0164B524F}.Debug|Any CPU.ActiveCfg = Debug|Any CPU
		{EEF18507-9CAF-4AE4-B105-C6E0164B524F}.Debug|Any CPU.Build.0 = Debug|Any CPU
		{EEF18507-9CAF-4AE4-B105-C6E0164B524F}.Release|Any CPU.ActiveCfg = Release|Any CPU
		{EEF18507-9CAF-4AE4-B105-C6E0164B524F}.Release|Any CPU.Build.0 = Release|Any CPU
		{34CB02B3-0727-487D-9290-5E0C55442611}.Debug|Any CPU.ActiveCfg = Debug|Any CPU
		{34CB02B3-0727-487D-9290-5E0C55442611}.Debug|Any CPU.Build.0 = Debug|Any CPU
		{34CB02B3-0727-487D-9290-5E0C55442611}.Release|Any CPU.ActiveCfg = Release|Any CPU
		{34CB02B3-0727-487D-9290-5E0C55442611}.Release|Any CPU.Build.0 = Release|Any CPU
		{F079B349-685F-451F-B78A-15EA7EA0BF1F}.Debug|Any CPU.ActiveCfg = Debug|Any CPU
		{F079B349-685F-451F-B78A-15EA7EA0BF1F}.Debug|Any CPU.Build.0 = Debug|Any CPU
		{F079B349-685F-451F-B78A-15EA7EA0BF1F}.Release|Any CPU.ActiveCfg = Release|Any CPU
		{F079B349-685F-451F-B78A-15EA7EA0BF1F}.Release|Any CPU.Build.0 = Release|Any CPU
		{11136BF3-81D0-4486-9601-88B20818866F}.Debug|Any CPU.ActiveCfg = Debug|Any CPU
		{11136BF3-81D0-4486-9601-88B20818866F}.Debug|Any CPU.Build.0 = Debug|Any CPU
		{11136BF3-81D0-4486-9601-88B20818866F}.Release|Any CPU.ActiveCfg = Release|Any CPU
		{11136BF3-81D0-4486-9601-88B20818866F}.Release|Any CPU.Build.0 = Release|Any CPU
		{D6BB2EB9-4AE2-4215-B03A-C2327097EFD0}.Debug|Any CPU.ActiveCfg = Debug|Any CPU
		{D6BB2EB9-4AE2-4215-B03A-C2327097EFD0}.Debug|Any CPU.Build.0 = Debug|Any CPU
		{D6BB2EB9-4AE2-4215-B03A-C2327097EFD0}.Release|Any CPU.ActiveCfg = Release|Any CPU
		{D6BB2EB9-4AE2-4215-B03A-C2327097EFD0}.Release|Any CPU.Build.0 = Release|Any CPU
		{7D1FE6E8-0E42-4D13-BE56-EBFA1DA0D00A}.Debug|Any CPU.ActiveCfg = Debug|Any CPU
		{7D1FE6E8-0E42-4D13-BE56-EBFA1DA0D00A}.Debug|Any CPU.Build.0 = Debug|Any CPU
		{7D1FE6E8-0E42-4D13-BE56-EBFA1DA0D00A}.Release|Any CPU.ActiveCfg = Release|Any CPU
		{7D1FE6E8-0E42-4D13-BE56-EBFA1DA0D00A}.Release|Any CPU.Build.0 = Release|Any CPU
		{B33F7B52-FF93-4EB5-9F8F-6F8C6F6BC6B1}.Debug|Any CPU.ActiveCfg = Debug|Any CPU
		{B33F7B52-FF93-4EB5-9F8F-6F8C6F6BC6B1}.Debug|Any CPU.Build.0 = Debug|Any CPU
		{B33F7B52-FF93-4EB5-9F8F-6F8C6F6BC6B1}.Release|Any CPU.ActiveCfg = Release|Any CPU
		{B33F7B52-FF93-4EB5-9F8F-6F8C6F6BC6B1}.Release|Any CPU.Build.0 = Release|Any CPU
		{93210937-CEB8-4483-9EC9-C8764FC2BBDC}.Debug|Any CPU.ActiveCfg = Debug|Any CPU
		{93210937-CEB8-4483-9EC9-C8764FC2BBDC}.Debug|Any CPU.Build.0 = Debug|Any CPU
		{93210937-CEB8-4483-9EC9-C8764FC2BBDC}.Release|Any CPU.ActiveCfg = Release|Any CPU
		{93210937-CEB8-4483-9EC9-C8764FC2BBDC}.Release|Any CPU.Build.0 = Release|Any CPU
	EndGlobalSection
	GlobalSection(SolutionProperties) = preSolution
		HideSolutionNode = FALSE
	EndGlobalSection
	GlobalSection(ExtensibilityGlobals) = postSolution
		SolutionGuid = {EA9E3867-5FB6-4CFF-B027-7ADD855B6A06}
	EndGlobalSection
EndGlobal
