
Microsoft Visual Studio Solution File, Format Version 12.00
# Visual Studio Version 17
VisualStudioVersion = 17.9.34723.18
MinimumVisualStudioVersion = 10.0.40219.1
Project("{9A19103F-16F7-4668-BE54-9A1E7A4F7556}") = "FirstApp", "FirstApp\FirstApp.csproj", "{EEF18507-9CAF-4AE4-B105-C6E0164B524F}"
EndProject
Project("{9A19103F-16F7-4668-BE54-9A1E7A4F7556}") = "Discount_Amount", "Lesson_2\Discount_Amount\Discount_Amount.csproj", "{34CB02B3-0727-487D-9290-5E0C55442611}"
EndProject
Project("{9A19103F-16F7-4668-BE54-9A1E7A4F7556}") = "Seconds_In_Time", "Lesson_2\Seconds_In_Time\Seconds_In_Time.csproj", "{D6BB2EB9-4AE2-4215-B03A-C2327097EFD0}"
EndProject
Project("{9A19103F-16F7-4668-BE54-9A1E7A4F7556}") = "BookInfo", "Lesson_2\BookInfo\BookInfo.csproj", "{7D1FE6E8-0E42-4D13-BE56-EBFA1DA0D00A}"
EndProject
Project("{9A19103F-16F7-4668-BE54-9A1E7A4F7556}") = "Digit_Palindrom", "Lesson_3\Digit_Palindrom\Digit_Palindrom.csproj", "{B33F7B52-FF93-4EB5-9F8F-6F8C6F6BC6B1}"
EndProject
Project("{9A19103F-16F7-4668-BE54-9A1E7A4F7556}") = "Numbers_Square", "Lesson_3\Numbers_Square\Numbers_Square.csproj", "{93210937-CEB8-4483-9EC9-C8764FC2BBDC}"
EndProject
Project("{9A19103F-16F7-4668-BE54-9A1E7A4F7556}") = "Mixed_Digits", "Lesson_3\Mixed_Digits\Mixed_Digits.csproj", "{53AAD5BE-61FC-408F-841B-3CE033D77FA1}"
EndProject
Project("{9A19103F-16F7-4668-BE54-9A1E7A4F7556}") = "Arithmetic_Mean", "Lesson_3\Arithmetic_Mean\Arithmetic_Mean.csproj", "{9592B0B4-21BA-49AB-9305-AFA3D38EC6CC}"
EndProject
Project("{9A19103F-16F7-4668-BE54-9A1E7A4F7556}") = "Circle_Area", "Lesson_3\Circle_Area\Circle_Area.csproj", "{DB41B568-ADB7-406E-AE89-4FCE9C281963}"
EndProject
Project("{9A19103F-16F7-4668-BE54-9A1E7A4F7556}") = "Swap_Variables", "Lesson_3\Swap_Variables\Swap_Variables.csproj", "{5D89B559-907C-47DA-9C7D-0AB3BD2D6528}"
EndProject
Project("{9A19103F-16F7-4668-BE54-9A1E7A4F7556}") = "Number_Comparison", "Lesson_4\Number_Comparison\Number_Comparison.csproj", "{DE240391-E69E-4D3C-8760-1ACDDF89A72B}"
EndProject
Project("{9A19103F-16F7-4668-BE54-9A1E7A4F7556}") = "Seasons", "Lesson_4\Seasons\Seasons.csproj", "{CB7E07EB-2FEB-479D-A219-CE73B29165A6}"
EndProject
Project("{9A19103F-16F7-4668-BE54-9A1E7A4F7556}") = "Numers_Mulitiplicity", "Lesson_4\Numers_Mulitiplicity\Numers_Mulitiplicity.csproj", "{18DAACCA-2214-47BF-849E-1FB776AB3576}"
EndProject
Project("{9A19103F-16F7-4668-BE54-9A1E7A4F7556}") = "Quadratic_Equation", "Lesson_4\Quadratic_Equation\Quadratic_Equation.csproj", "{E892F020-17E6-4BE4-80BF-E1E901654E44}"
EndProject
Project("{9A19103F-16F7-4668-BE54-9A1E7A4F7556}") = "Password_Validation", "Lesson_5\Password_Validation\Password_Validation.csproj", "{F6387236-10D6-4764-A9C1-09E3625B3FC3}"
EndProject
Project("{9A19103F-16F7-4668-BE54-9A1E7A4F7556}") = "GuessNumber", "Lesson_5\GuessNumber\GuessNumber.csproj", "{801994AB-5EC0-4CB6-AD80-46D3AFEF1BA1}"
EndProject
Project("{9A19103F-16F7-4668-BE54-9A1E7A4F7556}") = "Multiplication_Table", "Lesson_5\Multiplication_Table\Multiplication_Table.csproj", "{32F46AF2-321B-4137-B75E-715F889E20E4}"
EndProject
Project("{9A19103F-16F7-4668-BE54-9A1E7A4F7556}") = "Positive_Numbers", "Lesson_6\Positive_Numbers\Positive_Numbers.csproj", "{81AED4A5-60CE-42A5-94A3-686F70358787}"
EndProject
Project("{9A19103F-16F7-4668-BE54-9A1E7A4F7556}") = "ReverseArray", "Lesson_6\ReverseArray\ReverseArray.csproj", "{42BD3571-C63E-41EE-8401-0C972FA458A9}"
EndProject
Project("{9A19103F-16F7-4668-BE54-9A1E7A4F7556}") = "Add_Element_At_Beginning", "Lesson_6\Add_Element_At_Beginning\Add_Element_At_Beginning.csproj", "{0730F8AE-B1F6-40B5-962F-AF22C7ECB51B}"
EndProject
Project("{9A19103F-16F7-4668-BE54-9A1E7A4F7556}") = "Catch_Number", "Lesson_6\Catch_Number\Catch_Number.csproj", "{38492199-ED34-404E-82E3-2A74BC192507}"
EndProject
Project("{9A19103F-16F7-4668-BE54-9A1E7A4F7556}") = "Student_Menu", "Lesson_7\Student_Menu\Student_Menu.csproj", "{58EF985F-FE16-48D0-99FA-2812BA5EFE7E}"
EndProject
Project("{9A19103F-16F7-4668-BE54-9A1E7A4F7556}") = "Student_Menu_V2", "Lesson_7\Student_Menu_V2\Student_Menu_V2.csproj", "{FBE32406-ACE7-4BB5-B2A3-C93EDC50FDB1}"
EndProject
Project("{9A19103F-16F7-4668-BE54-9A1E7A4F7556}") = "Shop_Menu", "Lesson_8\Shop_Menu\Shop_Menu.csproj", "{2BE6ECE5-1374-4CBF-9377-13344CAF784B}"
EndProject
Project("{9A19103F-16F7-4668-BE54-9A1E7A4F7556}") = "Books_OOP", "Lesson_9\Books_OOP\Books_OOP.csproj", "{7C8440E1-A707-49D1-8E1D-4806E115A8BE}"
EndProject
Project("{9A19103F-16F7-4668-BE54-9A1E7A4F7556}") = "Person_OOP", "Lesson_10\Person_OOP\Person_OOP.csproj", "{AF3123EA-C690-438B-B1D9-0F84022C0B2A}"
EndProject
Project("{9A19103F-16F7-4668-BE54-9A1E7A4F7556}") = "Your_Date", "Lesson_10\Your_Date\Your_Date.csproj", "{63478605-9C9E-4DD5-A66E-4FAD0945EDB6}"
EndProject
Project("{9A19103F-16F7-4668-BE54-9A1E7A4F7556}") = "UkrainianStringUtilsLib", "Lesson_11\UkrainianStringUtilites\UkrainianStringUtilsLib.csproj", "{215E7122-76B0-4295-BEBD-F06F2871B720}"
EndProject
Project("{9A19103F-16F7-4668-BE54-9A1E7A4F7556}") = "UkrainianStringsDemo", "Lesson_11\UkrainianStringsDemo\UkrainianStringsDemo.csproj", "{8A66407D-3A85-4FCA-8973-876457015CAE}"
EndProject
Project("{9A19103F-16F7-4668-BE54-9A1E7A4F7556}") = "ExceptionHandling", "Lesson_11\ExceptionHandling\ExceptionHandling.csproj", "{E574CE7D-D4B3-42D7-A0FD-B3BD4DEE38BA}"
EndProject
Project("{9A19103F-16F7-4668-BE54-9A1E7A4F7556}") = "Transport", "Lesson_12\Transport\Transport.csproj", "{77438973-1082-4690-A702-0DFAF80F1006}"
EndProject
Project("{9A19103F-16F7-4668-BE54-9A1E7A4F7556}") = "Bank_System", "Lesson_13\Bank_System\Bank_System.csproj", "{781CF9B2-B6A7-4174-A4E1-72D756089E77}"
EndProject
Project("{9A19103F-16F7-4668-BE54-9A1E7A4F7556}") = "Interfaces", "Lesson_14\Interfaces\Interfaces.csproj", "{4F81B786-517D-4EF0-8B41-7E47401F0209}"
EndProject
Project("{9A19103F-16F7-4668-BE54-9A1E7A4F7556}") = "Logging", "Lesson_14\Logging\Logging.csproj", "{B66F1E44-EB6A-4FC8-90B4-CE0A092D5E24}"
EndProject
Project("{FAE04EC0-301F-11D3-BF4B-00C04F79EFBC}") = "Product_Shop", "Lesson_15\Product_Shop\Product_Shop.csproj", "{4CD0C2E8-0DC4-4501-9323-7FC2E6847B93}"
EndProject
Global
	GlobalSection(SolutionConfigurationPlatforms) = preSolution
		Debug|Any CPU = Debug|Any CPU
		Release|Any CPU = Release|Any CPU
	EndGlobalSection
	GlobalSection(ProjectConfigurationPlatforms) = postSolution
		{EEF18507-9CAF-4AE4-B105-C6E0164B524F}.Debug|Any CPU.ActiveCfg = Debug|Any CPU
		{EEF18507-9CAF-4AE4-B105-C6E0164B524F}.Debug|Any CPU.Build.0 = Debug|Any CPU
		{EEF18507-9CAF-4AE4-B105-C6E0164B524F}.Release|Any CPU.ActiveCfg = Release|Any CPU
		{EEF18507-9CAF-4AE4-B105-C6E0164B524F}.Release|Any CPU.Build.0 = Release|Any CPU
		{34CB02B3-0727-487D-9290-5E0C55442611}.Debug|Any CPU.ActiveCfg = Debug|Any CPU
		{34CB02B3-0727-487D-9290-5E0C55442611}.Debug|Any CPU.Build.0 = Debug|Any CPU
		{34CB02B3-0727-487D-9290-5E0C55442611}.Release|Any CPU.ActiveCfg = Release|Any CPU
		{34CB02B3-0727-487D-9290-5E0C55442611}.Release|Any CPU.Build.0 = Release|Any CPU
		{D6BB2EB9-4AE2-4215-B03A-C2327097EFD0}.Debug|Any CPU.ActiveCfg = Debug|Any CPU
		{D6BB2EB9-4AE2-4215-B03A-C2327097EFD0}.Debug|Any CPU.Build.0 = Debug|Any CPU
		{D6BB2EB9-4AE2-4215-B03A-C2327097EFD0}.Release|Any CPU.ActiveCfg = Release|Any CPU
		{D6BB2EB9-4AE2-4215-B03A-C2327097EFD0}.Release|Any CPU.Build.0 = Release|Any CPU
		{7D1FE6E8-0E42-4D13-BE56-EBFA1DA0D00A}.Debug|Any CPU.ActiveCfg = Debug|Any CPU
		{7D1FE6E8-0E42-4D13-BE56-EBFA1DA0D00A}.Debug|Any CPU.Build.0 = Debug|Any CPU
		{7D1FE6E8-0E42-4D13-BE56-EBFA1DA0D00A}.Release|Any CPU.ActiveCfg = Release|Any CPU
		{7D1FE6E8-0E42-4D13-BE56-EBFA1DA0D00A}.Release|Any CPU.Build.0 = Release|Any CPU
		{B33F7B52-FF93-4EB5-9F8F-6F8C6F6BC6B1}.Debug|Any CPU.ActiveCfg = Debug|Any CPU
		{B33F7B52-FF93-4EB5-9F8F-6F8C6F6BC6B1}.Debug|Any CPU.Build.0 = Debug|Any CPU
		{B33F7B52-FF93-4EB5-9F8F-6F8C6F6BC6B1}.Release|Any CPU.ActiveCfg = Release|Any CPU
		{B33F7B52-FF93-4EB5-9F8F-6F8C6F6BC6B1}.Release|Any CPU.Build.0 = Release|Any CPU
		{93210937-CEB8-4483-9EC9-C8764FC2BBDC}.Debug|Any CPU.ActiveCfg = Debug|Any CPU
		{93210937-CEB8-4483-9EC9-C8764FC2BBDC}.Debug|Any CPU.Build.0 = Debug|Any CPU
		{93210937-CEB8-4483-9EC9-C8764FC2BBDC}.Release|Any CPU.ActiveCfg = Release|Any CPU
		{93210937-CEB8-4483-9EC9-C8764FC2BBDC}.Release|Any CPU.Build.0 = Release|Any CPU
		{53AAD5BE-61FC-408F-841B-3CE033D77FA1}.Debug|Any CPU.ActiveCfg = Debug|Any CPU
		{53AAD5BE-61FC-408F-841B-3CE033D77FA1}.Debug|Any CPU.Build.0 = Debug|Any CPU
		{53AAD5BE-61FC-408F-841B-3CE033D77FA1}.Release|Any CPU.ActiveCfg = Release|Any CPU
		{53AAD5BE-61FC-408F-841B-3CE033D77FA1}.Release|Any CPU.Build.0 = Release|Any CPU
		{9592B0B4-21BA-49AB-9305-AFA3D38EC6CC}.Debug|Any CPU.ActiveCfg = Debug|Any CPU
		{9592B0B4-21BA-49AB-9305-AFA3D38EC6CC}.Debug|Any CPU.Build.0 = Debug|Any CPU
		{9592B0B4-21BA-49AB-9305-AFA3D38EC6CC}.Release|Any CPU.ActiveCfg = Release|Any CPU
		{9592B0B4-21BA-49AB-9305-AFA3D38EC6CC}.Release|Any CPU.Build.0 = Release|Any CPU
		{DB41B568-ADB7-406E-AE89-4FCE9C281963}.Debug|Any CPU.ActiveCfg = Debug|Any CPU
		{DB41B568-ADB7-406E-AE89-4FCE9C281963}.Debug|Any CPU.Build.0 = Debug|Any CPU
		{DB41B568-ADB7-406E-AE89-4FCE9C281963}.Release|Any CPU.ActiveCfg = Release|Any CPU
		{DB41B568-ADB7-406E-AE89-4FCE9C281963}.Release|Any CPU.Build.0 = Release|Any CPU
		{5D89B559-907C-47DA-9C7D-0AB3BD2D6528}.Debug|Any CPU.ActiveCfg = Debug|Any CPU
		{5D89B559-907C-47DA-9C7D-0AB3BD2D6528}.Debug|Any CPU.Build.0 = Debug|Any CPU
		{5D89B559-907C-47DA-9C7D-0AB3BD2D6528}.Release|Any CPU.ActiveCfg = Release|Any CPU
		{5D89B559-907C-47DA-9C7D-0AB3BD2D6528}.Release|Any CPU.Build.0 = Release|Any CPU
		{DE240391-E69E-4D3C-8760-1ACDDF89A72B}.Debug|Any CPU.ActiveCfg = Debug|Any CPU
		{DE240391-E69E-4D3C-8760-1ACDDF89A72B}.Debug|Any CPU.Build.0 = Debug|Any CPU
		{DE240391-E69E-4D3C-8760-1ACDDF89A72B}.Release|Any CPU.ActiveCfg = Release|Any CPU
		{DE240391-E69E-4D3C-8760-1ACDDF89A72B}.Release|Any CPU.Build.0 = Release|Any CPU
		{CB7E07EB-2FEB-479D-A219-CE73B29165A6}.Debug|Any CPU.ActiveCfg = Debug|Any CPU
		{CB7E07EB-2FEB-479D-A219-CE73B29165A6}.Debug|Any CPU.Build.0 = Debug|Any CPU
		{CB7E07EB-2FEB-479D-A219-CE73B29165A6}.Release|Any CPU.ActiveCfg = Release|Any CPU
		{CB7E07EB-2FEB-479D-A219-CE73B29165A6}.Release|Any CPU.Build.0 = Release|Any CPU
		{18DAACCA-2214-47BF-849E-1FB776AB3576}.Debug|Any CPU.ActiveCfg = Debug|Any CPU
		{18DAACCA-2214-47BF-849E-1FB776AB3576}.Debug|Any CPU.Build.0 = Debug|Any CPU
		{18DAACCA-2214-47BF-849E-1FB776AB3576}.Release|Any CPU.ActiveCfg = Release|Any CPU
		{18DAACCA-2214-47BF-849E-1FB776AB3576}.Release|Any CPU.Build.0 = Release|Any CPU
		{E892F020-17E6-4BE4-80BF-E1E901654E44}.Debug|Any CPU.ActiveCfg = Debug|Any CPU
		{E892F020-17E6-4BE4-80BF-E1E901654E44}.Debug|Any CPU.Build.0 = Debug|Any CPU
		{E892F020-17E6-4BE4-80BF-E1E901654E44}.Release|Any CPU.ActiveCfg = Release|Any CPU
		{E892F020-17E6-4BE4-80BF-E1E901654E44}.Release|Any CPU.Build.0 = Release|Any CPU
		{F6387236-10D6-4764-A9C1-09E3625B3FC3}.Debug|Any CPU.ActiveCfg = Debug|Any CPU
		{F6387236-10D6-4764-A9C1-09E3625B3FC3}.Debug|Any CPU.Build.0 = Debug|Any CPU
		{F6387236-10D6-4764-A9C1-09E3625B3FC3}.Release|Any CPU.ActiveCfg = Release|Any CPU
		{F6387236-10D6-4764-A9C1-09E3625B3FC3}.Release|Any CPU.Build.0 = Release|Any CPU
		{801994AB-5EC0-4CB6-AD80-46D3AFEF1BA1}.Debug|Any CPU.ActiveCfg = Debug|Any CPU
		{801994AB-5EC0-4CB6-AD80-46D3AFEF1BA1}.Debug|Any CPU.Build.0 = Debug|Any CPU
		{801994AB-5EC0-4CB6-AD80-46D3AFEF1BA1}.Release|Any CPU.ActiveCfg = Release|Any CPU
		{801994AB-5EC0-4CB6-AD80-46D3AFEF1BA1}.Release|Any CPU.Build.0 = Release|Any CPU
		{32F46AF2-321B-4137-B75E-715F889E20E4}.Debug|Any CPU.ActiveCfg = Debug|Any CPU
		{32F46AF2-321B-4137-B75E-715F889E20E4}.Debug|Any CPU.Build.0 = Debug|Any CPU
		{32F46AF2-321B-4137-B75E-715F889E20E4}.Release|Any CPU.ActiveCfg = Release|Any CPU
		{32F46AF2-321B-4137-B75E-715F889E20E4}.Release|Any CPU.Build.0 = Release|Any CPU
		{81AED4A5-60CE-42A5-94A3-686F70358787}.Debug|Any CPU.ActiveCfg = Debug|Any CPU
		{81AED4A5-60CE-42A5-94A3-686F70358787}.Debug|Any CPU.Build.0 = Debug|Any CPU
		{81AED4A5-60CE-42A5-94A3-686F70358787}.Release|Any CPU.ActiveCfg = Release|Any CPU
		{81AED4A5-60CE-42A5-94A3-686F70358787}.Release|Any CPU.Build.0 = Release|Any CPU
		{42BD3571-C63E-41EE-8401-0C972FA458A9}.Debug|Any CPU.ActiveCfg = Debug|Any CPU
		{42BD3571-C63E-41EE-8401-0C972FA458A9}.Debug|Any CPU.Build.0 = Debug|Any CPU
		{42BD3571-C63E-41EE-8401-0C972FA458A9}.Release|Any CPU.ActiveCfg = Release|Any CPU
		{42BD3571-C63E-41EE-8401-0C972FA458A9}.Release|Any CPU.Build.0 = Release|Any CPU
		{0730F8AE-B1F6-40B5-962F-AF22C7ECB51B}.Debug|Any CPU.ActiveCfg = Debug|Any CPU
		{0730F8AE-B1F6-40B5-962F-AF22C7ECB51B}.Debug|Any CPU.Build.0 = Debug|Any CPU
		{0730F8AE-B1F6-40B5-962F-AF22C7ECB51B}.Release|Any CPU.ActiveCfg = Release|Any CPU
		{0730F8AE-B1F6-40B5-962F-AF22C7ECB51B}.Release|Any CPU.Build.0 = Release|Any CPU
		{38492199-ED34-404E-82E3-2A74BC192507}.Debug|Any CPU.ActiveCfg = Debug|Any CPU
		{38492199-ED34-404E-82E3-2A74BC192507}.Debug|Any CPU.Build.0 = Debug|Any CPU
		{38492199-ED34-404E-82E3-2A74BC192507}.Release|Any CPU.ActiveCfg = Release|Any CPU
		{38492199-ED34-404E-82E3-2A74BC192507}.Release|Any CPU.Build.0 = Release|Any CPU
		{58EF985F-FE16-48D0-99FA-2812BA5EFE7E}.Debug|Any CPU.ActiveCfg = Debug|Any CPU
		{58EF985F-FE16-48D0-99FA-2812BA5EFE7E}.Debug|Any CPU.Build.0 = Debug|Any CPU
		{58EF985F-FE16-48D0-99FA-2812BA5EFE7E}.Release|Any CPU.ActiveCfg = Release|Any CPU
		{58EF985F-FE16-48D0-99FA-2812BA5EFE7E}.Release|Any CPU.Build.0 = Release|Any CPU
		{FBE32406-ACE7-4BB5-B2A3-C93EDC50FDB1}.Debug|Any CPU.ActiveCfg = Debug|Any CPU
		{FBE32406-ACE7-4BB5-B2A3-C93EDC50FDB1}.Debug|Any CPU.Build.0 = Debug|Any CPU
		{FBE32406-ACE7-4BB5-B2A3-C93EDC50FDB1}.Release|Any CPU.ActiveCfg = Release|Any CPU
		{FBE32406-ACE7-4BB5-B2A3-C93EDC50FDB1}.Release|Any CPU.Build.0 = Release|Any CPU
		{2BE6ECE5-1374-4CBF-9377-13344CAF784B}.Debug|Any CPU.ActiveCfg = Debug|Any CPU
		{2BE6ECE5-1374-4CBF-9377-13344CAF784B}.Debug|Any CPU.Build.0 = Debug|Any CPU
		{2BE6ECE5-1374-4CBF-9377-13344CAF784B}.Release|Any CPU.ActiveCfg = Release|Any CPU
		{2BE6ECE5-1374-4CBF-9377-13344CAF784B}.Release|Any CPU.Build.0 = Release|Any CPU
		{7C8440E1-A707-49D1-8E1D-4806E115A8BE}.Debug|Any CPU.ActiveCfg = Debug|Any CPU
		{7C8440E1-A707-49D1-8E1D-4806E115A8BE}.Debug|Any CPU.Build.0 = Debug|Any CPU
		{7C8440E1-A707-49D1-8E1D-4806E115A8BE}.Release|Any CPU.ActiveCfg = Release|Any CPU
		{7C8440E1-A707-49D1-8E1D-4806E115A8BE}.Release|Any CPU.Build.0 = Release|Any CPU
		{AF3123EA-C690-438B-B1D9-0F84022C0B2A}.Debug|Any CPU.ActiveCfg = Debug|Any CPU
		{AF3123EA-C690-438B-B1D9-0F84022C0B2A}.Debug|Any CPU.Build.0 = Debug|Any CPU
		{AF3123EA-C690-438B-B1D9-0F84022C0B2A}.Release|Any CPU.ActiveCfg = Release|Any CPU
		{AF3123EA-C690-438B-B1D9-0F84022C0B2A}.Release|Any CPU.Build.0 = Release|Any CPU
		{63478605-9C9E-4DD5-A66E-4FAD0945EDB6}.Debug|Any CPU.ActiveCfg = Debug|Any CPU
		{63478605-9C9E-4DD5-A66E-4FAD0945EDB6}.Debug|Any CPU.Build.0 = Debug|Any CPU
		{63478605-9C9E-4DD5-A66E-4FAD0945EDB6}.Release|Any CPU.ActiveCfg = Release|Any CPU
		{63478605-9C9E-4DD5-A66E-4FAD0945EDB6}.Release|Any CPU.Build.0 = Release|Any CPU
		{215E7122-76B0-4295-BEBD-F06F2871B720}.Debug|Any CPU.ActiveCfg = Debug|Any CPU
		{215E7122-76B0-4295-BEBD-F06F2871B720}.Debug|Any CPU.Build.0 = Debug|Any CPU
		{215E7122-76B0-4295-BEBD-F06F2871B720}.Release|Any CPU.ActiveCfg = Release|Any CPU
		{215E7122-76B0-4295-BEBD-F06F2871B720}.Release|Any CPU.Build.0 = Release|Any CPU
		{8A66407D-3A85-4FCA-8973-876457015CAE}.Debug|Any CPU.ActiveCfg = Debug|Any CPU
		{8A66407D-3A85-4FCA-8973-876457015CAE}.Debug|Any CPU.Build.0 = Debug|Any CPU
		{8A66407D-3A85-4FCA-8973-876457015CAE}.Release|Any CPU.ActiveCfg = Release|Any CPU
		{8A66407D-3A85-4FCA-8973-876457015CAE}.Release|Any CPU.Build.0 = Release|Any CPU
		{E574CE7D-D4B3-42D7-A0FD-B3BD4DEE38BA}.Debug|Any CPU.ActiveCfg = Debug|Any CPU
		{E574CE7D-D4B3-42D7-A0FD-B3BD4DEE38BA}.Debug|Any CPU.Build.0 = Debug|Any CPU
		{E574CE7D-D4B3-42D7-A0FD-B3BD4DEE38BA}.Release|Any CPU.ActiveCfg = Release|Any CPU
		{E574CE7D-D4B3-42D7-A0FD-B3BD4DEE38BA}.Release|Any CPU.Build.0 = Release|Any CPU
		{77438973-1082-4690-A702-0DFAF80F1006}.Debug|Any CPU.ActiveCfg = Debug|Any CPU
		{77438973-1082-4690-A702-0DFAF80F1006}.Debug|Any CPU.Build.0 = Debug|Any CPU
		{77438973-1082-4690-A702-0DFAF80F1006}.Release|Any CPU.ActiveCfg = Release|Any CPU
		{77438973-1082-4690-A702-0DFAF80F1006}.Release|Any CPU.Build.0 = Release|Any CPU
		{781CF9B2-B6A7-4174-A4E1-72D756089E77}.Debug|Any CPU.ActiveCfg = Debug|Any CPU
		{781CF9B2-B6A7-4174-A4E1-72D756089E77}.Debug|Any CPU.Build.0 = Debug|Any CPU
		{781CF9B2-B6A7-4174-A4E1-72D756089E77}.Release|Any CPU.ActiveCfg = Release|Any CPU
		{781CF9B2-B6A7-4174-A4E1-72D756089E77}.Release|Any CPU.Build.0 = Release|Any CPU
		{4F81B786-517D-4EF0-8B41-7E47401F0209}.Debug|Any CPU.ActiveCfg = Debug|Any CPU
		{4F81B786-517D-4EF0-8B41-7E47401F0209}.Debug|Any CPU.Build.0 = Debug|Any CPU
		{4F81B786-517D-4EF0-8B41-7E47401F0209}.Release|Any CPU.ActiveCfg = Release|Any CPU
		{4F81B786-517D-4EF0-8B41-7E47401F0209}.Release|Any CPU.Build.0 = Release|Any CPU
		{B66F1E44-EB6A-4FC8-90B4-CE0A092D5E24}.Debug|Any CPU.ActiveCfg = Debug|Any CPU
		{B66F1E44-EB6A-4FC8-90B4-CE0A092D5E24}.Debug|Any CPU.Build.0 = Debug|Any CPU
		{B66F1E44-EB6A-4FC8-90B4-CE0A092D5E24}.Release|Any CPU.ActiveCfg = Release|Any CPU
		{B66F1E44-EB6A-4FC8-90B4-CE0A092D5E24}.Release|Any CPU.Build.0 = Release|Any CPU
		{4CD0C2E8-0DC4-4501-9323-7FC2E6847B93}.Debug|Any CPU.ActiveCfg = Debug|Any CPU
		{4CD0C2E8-0DC4-4501-9323-7FC2E6847B93}.Debug|Any CPU.Build.0 = Debug|Any CPU
		{4CD0C2E8-0DC4-4501-9323-7FC2E6847B93}.Release|Any CPU.ActiveCfg = Release|Any CPU
		{4CD0C2E8-0DC4-4501-9323-7FC2E6847B93}.Release|Any CPU.Build.0 = Release|Any CPU
	EndGlobalSection
	GlobalSection(SolutionProperties) = preSolution
		HideSolutionNode = FALSE
	EndGlobalSection
	GlobalSection(ExtensibilityGlobals) = postSolution
		SolutionGuid = {EA9E3867-5FB6-4CFF-B027-7ADD855B6A06}
	EndGlobalSection
EndGlobal
